schema: '2.0'
stages:
  data_ingestion:
    cmd: python ./src/data/data_ingestion.py
    deps:
    - path: ./src/data/data_ingestion.py
      hash: md5
      md5: f3ab7fc544d5f2c4d6649ff02d09ccaa
      size: 3547
  extract_features:
    cmd: python ./src/features/extract_features.py
    deps:
    - path: ./src/features/extract_features.py
      hash: md5
      md5: df7a4020a3800a199ba39a764eb963b6
      size: 4710
    params:
      params.yaml:
        extract_features.ewma.alpha: 0.4
        extract_features.mini_batch_kmeans.n_clusters: 30
        extract_features.mini_batch_kmeans.n_init: 10
        extract_features.mini_batch_kmeans.random_state: 42
    outs:
    - path: ./data/processed/resampled_data.csv
      hash: md5
      md5: 1eef1d4e19908ec3b460c6eae9204427
      size: 8218219
    - path: ./models/mb_kmeans.joblib
      hash: md5
      md5: 8bc265491568c9c3278d287281ae2a32
      size: 143771
    - path: ./models/scaler.joblib
      hash: md5
      md5: f4821d98fd527b1d9d9daf03d9d64e27
      size: 951
  feature_processing:
    cmd: python ./src/features/feature_processing.py
    deps:
    - path: ./data/processed/resampled_data.csv
      hash: md5
      md5: 1eef1d4e19908ec3b460c6eae9204427
      size: 8218219
    - path: ./src/features/feature_processing.py
      hash: md5
      md5: bb7e9a7f324d3fc07adc3b1ee1b69c0f
      size: 2467
    outs:
    - path: ./data/processed/test.csv
      hash: md5
      md5: 48c18701e26daf73abb5a2c77ae72e90
      size: 4900385
    - path: ./data/processed/train.csv
      hash: md5
      md5: 322680d00559d9db778a3fcdaed5dddd
      size: 9436618
  train:
    cmd: python ./src/models/train.py
    deps:
    - path: ./data/processed/train.csv
      hash: md5
      md5: 322680d00559d9db778a3fcdaed5dddd
      size: 9436618
    - path: ./src/models/train.py
      hash: md5
      md5: 3e0ab66e3b0b5808ae51e4ef7b97731b
      size: 2239
    outs:
    - path: ./models/encoder.joblib
      hash: md5
      md5: 9ed7c5b49817cb08917fcfd25e772efa
      size: 3319
    - path: ./models/model.joblib
      hash: md5
      md5: a7f733115a37344dd02cc08d93201c14
      size: 2169
